
Microsoft Visual Studio Solution File, Format Version 12.00
# Visual Studio Version 17
VisualStudioVersion = 17.2.32616.157
MinimumVisualStudioVersion = 10.0.40219.1
Project("{2150E333-8FDC-42A3-9474-1A3956D46DE8}") = "src", "src", "{AE35B815-E335-41F6-AF98-75CB7913D720}"
EndProject
Project("{2150E333-8FDC-42A3-9474-1A3956D46DE8}") = "tests", "tests", "{53040288-6F91-4557-B623-DFD5926C4FE9}"
EndProject
Project("{FAE04EC0-301F-11D3-BF4B-00C04F79EFBC}") = "TVMazeCache.WebApi", "src\TVMazeCache.WebApi\TVMazeCache.WebApi.csproj", "{7824E775-B0B3-4DD7-8657-D72259726819}"
EndProject
Global
	GlobalSection(SolutionConfigurationPlatforms) = preSolution
		Debug|Any CPU = Debug|Any CPU
		Release|Any CPU = Release|Any CPU
	EndGlobalSection
	GlobalSection(ProjectConfigurationPlatforms) = postSolution
		{7824E775-B0B3-4DD7-8657-D72259726819}.Debug|Any CPU.ActiveCfg = Debug|Any CPU
		{7824E775-B0B3-4DD7-8657-D72259726819}.Debug|Any CPU.Build.0 = Debug|Any CPU
		{7824E775-B0B3-4DD7-8657-D72259726819}.Release|Any CPU.ActiveCfg = Release|Any CPU
		{7824E775-B0B3-4DD7-8657-D72259726819}.Release|Any CPU.Build.0 = Release|Any CPU
	EndGlobalSection
	GlobalSection(SolutionProperties) = preSolution
		HideSolutionNode = FALSE
	EndGlobalSection
	GlobalSection(NestedProjects) = preSolution
		{7824E775-B0B3-4DD7-8657-D72259726819} = {AE35B815-E335-41F6-AF98-75CB7913D720}
	EndGlobalSection
	GlobalSection(ExtensibilityGlobals) = postSolution
		SolutionGuid = {A12A49E3-CBB6-474A-B637-D867154FEA50}
	EndGlobalSection
EndGlobal
